
Microsoft Visual Studio Solution File, Format Version 12.00
# Visual Studio Version 16
VisualStudioVersion = 16.0.29806.167
MinimumVisualStudioVersion = 10.0.40219.1
Project("{FAE04EC0-301F-11D3-BF4B-00C04F79EFBC}") = "GamePoker", "GamePoker.csproj", "{E9DF89E2-06D4-4B2E-9E17-318A8B3B5E50}"
EndProject
Global
	GlobalSection(SolutionConfigurationPlatforms) = preSolution
		Debug|Any CPU = Debug|Any CPU
		Release|Any CPU = Release|Any CPU
	EndGlobalSection
	GlobalSection(ProjectConfigurationPlatforms) = postSolution
		{E9DF89E2-06D4-4B2E-9E17-318A8B3B5E50}.Debug|Any CPU.ActiveCfg = Debug|Any CPU
		{E9DF89E2-06D4-4B2E-9E17-318A8B3B5E50}.Debug|Any CPU.Build.0 = Debug|Any CPU
		{E9DF89E2-06D4-4B2E-9E17-318A8B3B5E50}.Release|Any CPU.ActiveCfg = Release|Any CPU
		{E9DF89E2-06D4-4B2E-9E17-318A8B3B5E50}.Release|Any CPU.Build.0 = Release|Any CPU
	EndGlobalSection
	GlobalSection(SolutionProperties) = preSolution
		HideSolutionNode = FALSE
	EndGlobalSection
	GlobalSection(ExtensibilityGlobals) = postSolution
		SolutionGuid = {8460AEB2-A12D-4A12-88E0-5EA66B425218}
	EndGlobalSection
EndGlobal
